
Microsoft Visual Studio Solution File, Format Version 12.00
# Visual Studio Version 17
VisualStudioVersion = 17.7.34024.191
MinimumVisualStudioVersion = 10.0.40219.1
Project("{FAE04EC0-301F-11D3-BF4B-00C04F79EFBC}") = "destop ConsoleApp1", "destop ConsoleApp1.csproj", "{4BC5F1EF-DF80-42C6-B470-9D749A9DE04F}"
EndProject
Global
	GlobalSection(SolutionConfigurationPlatforms) = preSolution
		Debug|Any CPU = Debug|Any CPU
		Release|Any CPU = Release|Any CPU
	EndGlobalSection
	GlobalSection(ProjectConfigurationPlatforms) = postSolution
		{4BC5F1EF-DF80-42C6-B470-9D749A9DE04F}.Debug|Any CPU.ActiveCfg = Debug|Any CPU
		{4BC5F1EF-DF80-42C6-B470-9D749A9DE04F}.Debug|Any CPU.Build.0 = Debug|Any CPU
		{4BC5F1EF-DF80-42C6-B470-9D749A9DE04F}.Release|Any CPU.ActiveCfg = Release|Any CPU
		{4BC5F1EF-DF80-42C6-B470-9D749A9DE04F}.Release|Any CPU.Build.0 = Release|Any CPU
	EndGlobalSection
	GlobalSection(SolutionProperties) = preSolution
		HideSolutionNode = FALSE
	EndGlobalSection
	GlobalSection(ExtensibilityGlobals) = postSolution
		SolutionGuid = {2AB4F1D7-E855-4FC5-8E25-4EA8E26B3581}
	EndGlobalSection
EndGlobal
